
Microsoft Visual Studio Solution File, Format Version 12.00
# Visual Studio Version 17
VisualStudioVersion = 17.14.36616.10 d17.14
MinimumVisualStudioVersion = 10.0.40219.1
Project("{FAE04EC0-301F-11D3-BF4B-00C04F79EFBC}") = "MealPlanner", "MealPlanner\MealPlanner.csproj", "{6AFD4ADC-0C71-49E5-B8B1-804CCE271AB0}"
EndProject
Global
	GlobalSection(SolutionConfigurationPlatforms) = preSolution
		Debug|Any CPU = Debug|Any CPU
		Release|Any CPU = Release|Any CPU
	EndGlobalSection
	GlobalSection(ProjectConfigurationPlatforms) = postSolution
		{6AFD4ADC-0C71-49E5-B8B1-804CCE271AB0}.Debug|Any CPU.ActiveCfg = Debug|Any CPU
		{6AFD4ADC-0C71-49E5-B8B1-804CCE271AB0}.Debug|Any CPU.Build.0 = Debug|Any CPU
		{6AFD4ADC-0C71-49E5-B8B1-804CCE271AB0}.Release|Any CPU.ActiveCfg = Release|Any CPU
		{6AFD4ADC-0C71-49E5-B8B1-804CCE271AB0}.Release|Any CPU.Build.0 = Release|Any CPU
	EndGlobalSection
	GlobalSection(SolutionProperties) = preSolution
		HideSolutionNode = FALSE
	EndGlobalSection
	GlobalSection(ExtensibilityGlobals) = postSolution
		SolutionGuid = {8855F920-EE7B-49E0-9267-D8E47652D6AD}
	EndGlobalSection
EndGlobal
